
Microsoft Visual Studio Solution File, Format Version 12.00
# Visual Studio Version 17
VisualStudioVersion = 17.7.34031.279
MinimumVisualStudioVersion = 10.0.40219.1
Project("{8BC9CEB8-8B4A-11D0-8D11-00A0C91BC942}") = "Transport", "Transport.vcxproj", "{B067B176-36F2-4CDA-9FB0-D330D2445429}"
EndProject
Global
	GlobalSection(SolutionConfigurationPlatforms) = preSolution
		Debug|x64 = Debug|x64
		Debug|x86 = Debug|x86
		Release|x64 = Release|x64
		Release|x86 = Release|x86
	EndGlobalSection
	GlobalSection(ProjectConfigurationPlatforms) = postSolution
		{B067B176-36F2-4CDA-9FB0-D330D2445429}.Debug|x64.ActiveCfg = Debug|x64
		{B067B176-36F2-4CDA-9FB0-D330D2445429}.Debug|x64.Build.0 = Debug|x64
		{B067B176-36F2-4CDA-9FB0-D330D2445429}.Debug|x86.ActiveCfg = Debug|Win32
		{B067B176-36F2-4CDA-9FB0-D330D2445429}.Debug|x86.Build.0 = Debug|Win32
		{B067B176-36F2-4CDA-9FB0-D330D2445429}.Release|x64.ActiveCfg = Release|x64
		{B067B176-36F2-4CDA-9FB0-D330D2445429}.Release|x64.Build.0 = Release|x64
		{B067B176-36F2-4CDA-9FB0-D330D2445429}.Release|x86.ActiveCfg = Release|Win32
		{B067B176-36F2-4CDA-9FB0-D330D2445429}.Release|x86.Build.0 = Release|Win32
	EndGlobalSection
	GlobalSection(SolutionProperties) = preSolution
		HideSolutionNode = FALSE
	EndGlobalSection
	GlobalSection(ExtensibilityGlobals) = postSolution
		SolutionGuid = {F9BB42C8-3AC0-4DC4-ACB2-BA89AAC2259C}
	EndGlobalSection
EndGlobal
